// !$*UTF8*$!
{
	archiveVersion = 1;
	classes = {
	};
	objectVersion = 56;
	objects = {

/* Begin PBXBuildFile section */
		008F08E629C3AD6A00D75EBE /* AppDelegate.swift in Sources */ = {isa = PBXBuildFile; fileRef = 008F08E529C3AD6A00D75EBE /* AppDelegate.swift */; };
		008F08E829C3AD6A00D75EBE /* SceneDelegate.swift in Sources */ = {isa = PBXBuildFile; fileRef = 008F08E729C3AD6A00D75EBE /* SceneDelegate.swift */; };
		008F08ED29C3AD6A00D75EBE /* Main.storyboard in Resources */ = {isa = PBXBuildFile; fileRef = 008F08EB29C3AD6A00D75EBE /* Main.storyboard */; };
		008F08EF29C3AD6B00D75EBE /* Assets.xcassets in Resources */ = {isa = PBXBuildFile; fileRef = 008F08EE29C3AD6B00D75EBE /* Assets.xcassets */; };
		008F08F229C3AD6B00D75EBE /* LaunchScreen.storyboard in Resources */ = {isa = PBXBuildFile; fileRef = 008F08F029C3AD6B00D75EBE /* LaunchScreen.storyboard */; };
		008F08FB29C3AEA100D75EBE /* MainCollectionViewCell.swift in Sources */ = {isa = PBXBuildFile; fileRef = 008F08FA29C3AEA100D75EBE /* MainCollectionViewCell.swift */; };
		008F08FE29C3AF3300D75EBE /* UIViewController+Extensions.swift in Sources */ = {isa = PBXBuildFile; fileRef = 008F08FD29C3AF3300D75EBE /* UIViewController+Extensions.swift */; };
		008F090029C3B13700D75EBE /* UIView+Extension.swift in Sources */ = {isa = PBXBuildFile; fileRef = 008F08FF29C3B13700D75EBE /* UIView+Extension.swift */; };
		008F090429C3B4EB00D75EBE /* UserDefaults+Extension.swift in Sources */ = {isa = PBXBuildFile; fileRef = 008F090329C3B4EB00D75EBE /* UserDefaults+Extension.swift */; };
		008F090729C3B57100D75EBE /* StorageManager.swift in Sources */ = {isa = PBXBuildFile; fileRef = 008F090629C3B57100D75EBE /* StorageManager.swift */; };
		008F090929C3B82200D75EBE /* User.swift in Sources */ = {isa = PBXBuildFile; fileRef = 008F090829C3B82200D75EBE /* User.swift */; };
		008F090D29C3BA2800D75EBE /* Image.swift in Sources */ = {isa = PBXBuildFile; fileRef = 008F090C29C3BA2800D75EBE /* Image.swift */; };
		008F091029C3CCA900D75EBE /* EnterViewController.swift in Sources */ = {isa = PBXBuildFile; fileRef = 008F090F29C3CCA900D75EBE /* EnterViewController.swift */; };
		008F091229C3CE4B00D75EBE /* MainViewController.swift in Sources */ = {isa = PBXBuildFile; fileRef = 008F091129C3CE4B00D75EBE /* MainViewController.swift */; };
/* End PBXBuildFile section */

/* Begin PBXFileReference section */
		008F08E229C3AD6A00D75EBE /* diplom.gallery.app */ = {isa = PBXFileReference; explicitFileType = wrapper.application; includeInIndex = 0; path = diplom.gallery.app; sourceTree = BUILT_PRODUCTS_DIR; };
		008F08E529C3AD6A00D75EBE /* AppDelegate.swift */ = {isa = PBXFileReference; lastKnownFileType = sourcecode.swift; path = AppDelegate.swift; sourceTree = "<group>"; };
		008F08E729C3AD6A00D75EBE /* SceneDelegate.swift */ = {isa = PBXFileReference; lastKnownFileType = sourcecode.swift; path = SceneDelegate.swift; sourceTree = "<group>"; };
		008F08EC29C3AD6A00D75EBE /* Base */ = {isa = PBXFileReference; lastKnownFileType = file.storyboard; name = Base; path = Base.lproj/Main.storyboard; sourceTree = "<group>"; };
		008F08EE29C3AD6B00D75EBE /* Assets.xcassets */ = {isa = PBXFileReference; lastKnownFileType = folder.assetcatalog; path = Assets.xcassets; sourceTree = "<group>"; };
		008F08F129C3AD6B00D75EBE /* Base */ = {isa = PBXFileReference; lastKnownFileType = file.storyboard; name = Base; path = Base.lproj/LaunchScreen.storyboard; sourceTree = "<group>"; };
		008F08F329C3AD6B00D75EBE /* Info.plist */ = {isa = PBXFileReference; lastKnownFileType = text.plist.xml; path = Info.plist; sourceTree = "<group>"; };
		008F08FA29C3AEA100D75EBE /* MainCollectionViewCell.swift */ = {isa = PBXFileReference; lastKnownFileType = sourcecode.swift; path = MainCollectionViewCell.swift; sourceTree = "<group>"; };
		008F08FD29C3AF3300D75EBE /* UIViewController+Extensions.swift */ = {isa = PBXFileReference; lastKnownFileType = sourcecode.swift; path = "UIViewController+Extensions.swift"; sourceTree = "<group>"; };
		008F08FF29C3B13700D75EBE /* UIView+Extension.swift */ = {isa = PBXFileReference; lastKnownFileType = sourcecode.swift; path = "UIView+Extension.swift"; sourceTree = "<group>"; };
		008F090329C3B4EB00D75EBE /* UserDefaults+Extension.swift */ = {isa = PBXFileReference; lastKnownFileType = sourcecode.swift; path = "UserDefaults+Extension.swift"; sourceTree = "<group>"; };
		008F090629C3B57100D75EBE /* StorageManager.swift */ = {isa = PBXFileReference; lastKnownFileType = sourcecode.swift; path = StorageManager.swift; sourceTree = "<group>"; };
		008F090829C3B82200D75EBE /* User.swift */ = {isa = PBXFileReference; lastKnownFileType = sourcecode.swift; path = User.swift; sourceTree = "<group>"; };
		008F090C29C3BA2800D75EBE /* Image.swift */ = {isa = PBXFileReference; lastKnownFileType = sourcecode.swift; path = Image.swift; sourceTree = "<group>"; };
		008F090F29C3CCA900D75EBE /* EnterViewController.swift */ = {isa = PBXFileReference; lastKnownFileType = sourcecode.swift; path = EnterViewController.swift; sourceTree = "<group>"; };
		008F091129C3CE4B00D75EBE /* MainViewController.swift */ = {isa = PBXFileReference; lastKnownFileType = sourcecode.swift; path = MainViewController.swift; sourceTree = "<group>"; };
/* End PBXFileReference section */

/* Begin PBXFrameworksBuildPhase section */
		008F08DF29C3AD6A00D75EBE /* Frameworks */ = {
			isa = PBXFrameworksBuildPhase;
			buildActionMask = 2147483647;
			files = (
			);
			runOnlyForDeploymentPostprocessing = 0;
		};
/* End PBXFrameworksBuildPhase section */

/* Begin PBXGroup section */
		008F08D929C3AD6A00D75EBE = {
			isa = PBXGroup;
			children = (
				008F08E429C3AD6A00D75EBE /* diplom.gallery */,
				008F08E329C3AD6A00D75EBE /* Products */,
			);
			sourceTree = "<group>";
		};
		008F08E329C3AD6A00D75EBE /* Products */ = {
			isa = PBXGroup;
			children = (
				008F08E229C3AD6A00D75EBE /* diplom.gallery.app */,
			);
			name = Products;
			sourceTree = "<group>";
		};
		008F08E429C3AD6A00D75EBE /* diplom.gallery */ = {
			isa = PBXGroup;
			children = (
				008F090E29C3CC9400D75EBE /* Controllers */,
				008F090529C3B56200D75EBE /* Helpers */,
				008F08FC29C3AEF500D75EBE /* Extensions */,
				008F08F929C3AE8400D75EBE /* Cells */,
				008F08E529C3AD6A00D75EBE /* AppDelegate.swift */,
				008F08E729C3AD6A00D75EBE /* SceneDelegate.swift */,
				008F08EB29C3AD6A00D75EBE /* Main.storyboard */,
				008F08EE29C3AD6B00D75EBE /* Assets.xcassets */,
				008F08F029C3AD6B00D75EBE /* LaunchScreen.storyboard */,
				008F08F329C3AD6B00D75EBE /* Info.plist */,
			);
			path = diplom.gallery;
			sourceTree = "<group>";
		};
		008F08F929C3AE8400D75EBE /* Cells */ = {
			isa = PBXGroup;
			children = (
				008F08FA29C3AEA100D75EBE /* MainCollectionViewCell.swift */,
			);
			path = Cells;
			sourceTree = "<group>";
		};
		008F08FC29C3AEF500D75EBE /* Extensions */ = {
			isa = PBXGroup;
			children = (
				008F08FD29C3AF3300D75EBE /* UIViewController+Extensions.swift */,
				008F08FF29C3B13700D75EBE /* UIView+Extension.swift */,
				008F090329C3B4EB00D75EBE /* UserDefaults+Extension.swift */,
			);
			path = Extensions;
			sourceTree = "<group>";
		};
		008F090529C3B56200D75EBE /* Helpers */ = {
			isa = PBXGroup;
			children = (
				008F090629C3B57100D75EBE /* StorageManager.swift */,
				008F090829C3B82200D75EBE /* User.swift */,
				008F090C29C3BA2800D75EBE /* Image.swift */,
			);
			path = Helpers;
			sourceTree = "<group>";
		};
		008F090E29C3CC9400D75EBE /* Controllers */ = {
			isa = PBXGroup;
			children = (
				008F090F29C3CCA900D75EBE /* EnterViewController.swift */,
				008F091129C3CE4B00D75EBE /* MainViewController.swift */,
			);
			path = Controllers;
			sourceTree = "<group>";
		};
/* End PBXGroup section */

/* Begin PBXNativeTarget section */
		008F08E129C3AD6A00D75EBE /* diplom.gallery */ = {
			isa = PBXNativeTarget;
			buildConfigurationList = 008F08F629C3AD6B00D75EBE /* Build configuration list for PBXNativeTarget "diplom.gallery" */;
			buildPhases = (
				008F08DE29C3AD6A00D75EBE /* Sources */,
				008F08DF29C3AD6A00D75EBE /* Frameworks */,
				008F08E029C3AD6A00D75EBE /* Resources */,
			);
			buildRules = (
			);
			dependencies = (
			);
			name = diplom.gallery;
			productName = diplom.gallery;
			productReference = 008F08E229C3AD6A00D75EBE /* diplom.gallery.app */;
			productType = "com.apple.product-type.application";
		};
/* End PBXNativeTarget section */

/* Begin PBXProject section */
		008F08DA29C3AD6A00D75EBE /* Project object */ = {
			isa = PBXProject;
			attributes = {
				BuildIndependentTargetsInParallel = 1;
				LastSwiftUpdateCheck = 1420;
				LastUpgradeCheck = 1420;
				TargetAttributes = {
					008F08E129C3AD6A00D75EBE = {
						CreatedOnToolsVersion = 14.2;
					};
				};
			};
			buildConfigurationList = 008F08DD29C3AD6A00D75EBE /* Build configuration list for PBXProject "diplom.gallery" */;
			compatibilityVersion = "Xcode 14.0";
			developmentRegion = en;
			hasScannedForEncodings = 0;
			knownRegions = (
				en,
				Base,
			);
			mainGroup = 008F08D929C3AD6A00D75EBE;
			productRefGroup = 008F08E329C3AD6A00D75EBE /* Products */;
			projectDirPath = "";
			projectRoot = "";
			targets = (
				008F08E129C3AD6A00D75EBE /* diplom.gallery */,
			);
		};
/* End PBXProject section */

/* Begin PBXResourcesBuildPhase section */
		008F08E029C3AD6A00D75EBE /* Resources */ = {
			isa = PBXResourcesBuildPhase;
			buildActionMask = 2147483647;
			files = (
				008F08F229C3AD6B00D75EBE /* LaunchScreen.storyboard in Resources */,
				008F08EF29C3AD6B00D75EBE /* Assets.xcassets in Resources */,
				008F08ED29C3AD6A00D75EBE /* Main.storyboard in Resources */,
			);
			runOnlyForDeploymentPostprocessing = 0;
		};
/* End PBXResourcesBuildPhase section */

/* Begin PBXSourcesBuildPhase section */
		008F08DE29C3AD6A00D75EBE /* Sources */ = {
			isa = PBXSourcesBuildPhase;
			buildActionMask = 2147483647;
			files = (
				008F090029C3B13700D75EBE /* UIView+Extension.swift in Sources */,
				008F090729C3B57100D75EBE /* StorageManager.swift in Sources */,
				008F091229C3CE4B00D75EBE /* MainViewController.swift in Sources */,
				008F08E629C3AD6A00D75EBE /* AppDelegate.swift in Sources */,
				008F08FE29C3AF3300D75EBE /* UIViewController+Extensions.swift in Sources */,
				008F08E829C3AD6A00D75EBE /* SceneDelegate.swift in Sources */,
				008F090429C3B4EB00D75EBE /* UserDefaults+Extension.swift in Sources */,
				008F090929C3B82200D75EBE /* User.swift in Sources */,
				008F090D29C3BA2800D75EBE /* Image.swift in Sources */,
				008F091029C3CCA900D75EBE /* EnterViewController.swift in Sources */,
				008F08FB29C3AEA100D75EBE /* MainCollectionViewCell.swift in Sources */,
			);
			runOnlyForDeploymentPostprocessing = 0;
		};
/* End PBXSourcesBuildPhase section */

/* Begin PBXVariantGroup section */
		008F08EB29C3AD6A00D75EBE /* Main.storyboard */ = {
			isa = PBXVariantGroup;
			children = (
				008F08EC29C3AD6A00D75EBE /* Base */,
			);
			name = Main.storyboard;
			sourceTree = "<group>";
		};
		008F08F029C3AD6B00D75EBE /* LaunchScreen.storyboard */ = {
			isa = PBXVariantGroup;
			children = (
				008F08F129C3AD6B00D75EBE /* Base */,
			);
			name = LaunchScreen.storyboard;
			sourceTree = "<group>";
		};
/* End PBXVariantGroup section */

/* Begin XCBuildConfiguration section */
		008F08F429C3AD6B00D75EBE /* Debug */ = {
			isa = XCBuildConfiguration;
			buildSettings = {
				ALWAYS_SEARCH_USER_PATHS = NO;
				CLANG_ANALYZER_NONNULL = YES;
				CLANG_ANALYZER_NUMBER_OBJECT_CONVERSION = YES_AGGRESSIVE;
				CLANG_CXX_LANGUAGE_STANDARD = "gnu++20";
				CLANG_ENABLE_MODULES = YES;
				CLANG_ENABLE_OBJC_ARC = YES;
				CLANG_ENABLE_OBJC_WEAK = YES;
				CLANG_WARN_BLOCK_CAPTURE_AUTORELEASING = YES;
				CLANG_WARN_BOOL_CONVERSION = YES;
				CLANG_WARN_COMMA = YES;
				CLANG_WARN_CONSTANT_CONVERSION = YES;
				CLANG_WARN_DEPRECATED_OBJC_IMPLEMENTATIONS = YES;
				CLANG_WARN_DIRECT_OBJC_ISA_USAGE = YES_ERROR;
				CLANG_WARN_DOCUMENTATION_COMMENTS = YES;
				CLANG_WARN_EMPTY_BODY = YES;
				CLANG_WARN_ENUM_CONVERSION = YES;
				CLANG_WARN_INFINITE_RECURSION = YES;
				CLANG_WARN_INT_CONVERSION = YES;
				CLANG_WARN_NON_LITERAL_NULL_CONVERSION = YES;
				CLANG_WARN_OBJC_IMPLICIT_RETAIN_SELF = YES;
				CLANG_WARN_OBJC_LITERAL_CONVERSION = YES;
				CLANG_WARN_OBJC_ROOT_CLASS = YES_ERROR;
				CLANG_WARN_QUOTED_INCLUDE_IN_FRAMEWORK_HEADER = YES;
				CLANG_WARN_RANGE_LOOP_ANALYSIS = YES;
				CLANG_WARN_STRICT_PROTOTYPES = YES;
				CLANG_WARN_SUSPICIOUS_MOVE = YES;
				CLANG_WARN_UNGUARDED_AVAILABILITY = YES_AGGRESSIVE;
				CLANG_WARN_UNREACHABLE_CODE = YES;
				CLANG_WARN__DUPLICATE_METHOD_MATCH = YES;
				COPY_PHASE_STRIP = NO;
				DEBUG_INFORMATION_FORMAT = dwarf;
				ENABLE_STRICT_OBJC_MSGSEND = YES;
				ENABLE_TESTABILITY = YES;
				GCC_C_LANGUAGE_STANDARD = gnu11;
				GCC_DYNAMIC_NO_PIC = NO;
				GCC_NO_COMMON_BLOCKS = YES;
				GCC_OPTIMIZATION_LEVEL = 0;
				GCC_PREPROCESSOR_DEFINITIONS = (
					"DEBUG=1",
					"$(inherited)",
				);
				GCC_WARN_64_TO_32_BIT_CONVERSION = YES;
				GCC_WARN_ABOUT_RETURN_TYPE = YES_ERROR;
				GCC_WARN_UNDECLARED_SELECTOR = YES;
				GCC_WARN_UNINITIALIZED_AUTOS = YES_AGGRESSIVE;
				GCC_WARN_UNUSED_FUNCTION = YES;
				GCC_WARN_UNUSED_VARIABLE = YES;
				IPHONEOS_DEPLOYMENT_TARGET = 16.2;
				MTL_ENABLE_DEBUG_INFO = INCLUDE_SOURCE;
				MTL_FAST_MATH = YES;
				ONLY_ACTIVE_ARCH = YES;
				SDKROOT = iphoneos;
				SWIFT_ACTIVE_COMPILATION_CONDITIONS = DEBUG;
				SWIFT_OPTIMIZATION_LEVEL = "-Onone";
			};
			name = Debug;
		};
		008F08F529C3AD6B00D75EBE /* Release */ = {
			isa = XCBuildConfiguration;
			buildSettings = {
				ALWAYS_SEARCH_USER_PATHS = NO;
				CLANG_ANALYZER_NONNULL = YES;
				CLANG_ANALYZER_NUMBER_OBJECT_CONVERSION = YES_AGGRESSIVE;
				CLANG_CXX_LANGUAGE_STANDARD = "gnu++20";
				CLANG_ENABLE_MODULES = YES;
				CLANG_ENABLE_OBJC_ARC = YES;
				CLANG_ENABLE_OBJC_WEAK = YES;
				CLANG_WARN_BLOCK_CAPTURE_AUTORELEASING = YES;
				CLANG_WARN_BOOL_CONVERSION = YES;
				CLANG_WARN_COMMA = YES;
				CLANG_WARN_CONSTANT_CONVERSION = YES;
				CLANG_WARN_DEPRECATED_OBJC_IMPLEMENTATIONS = YES;
				CLANG_WARN_DIRECT_OBJC_ISA_USAGE = YES_ERROR;
				CLANG_WARN_DOCUMENTATION_COMMENTS = YES;
				CLANG_WARN_EMPTY_BODY = YES;
				CLANG_WARN_ENUM_CONVERSION = YES;
				CLANG_WARN_INFINITE_RECURSION = YES;
				CLANG_WARN_INT_CONVERSION = YES;
				CLANG_WARN_NON_LITERAL_NULL_CONVERSION = YES;
				CLANG_WARN_OBJC_IMPLICIT_RETAIN_SELF = YES;
				CLANG_WARN_OBJC_LITERAL_CONVERSION = YES;
				CLANG_WARN_OBJC_ROOT_CLASS = YES_ERROR;
				CLANG_WARN_QUOTED_INCLUDE_IN_FRAMEWORK_HEADER = YES;
				CLANG_WARN_RANGE_LOOP_ANALYSIS = YES;
				CLANG_WARN_STRICT_PROTOTYPES = YES;
				CLANG_WARN_SUSPICIOUS_MOVE = YES;
				CLANG_WARN_UNGUARDED_AVAILABILITY = YES_AGGRESSIVE;
				CLANG_WARN_UNREACHABLE_CODE = YES;
				CLANG_WARN__DUPLICATE_METHOD_MATCH = YES;
				COPY_PHASE_STRIP = NO;
				DEBUG_INFORMATION_FORMAT = "dwarf-with-dsym";
				ENABLE_NS_ASSERTIONS = NO;
				ENABLE_STRICT_OBJC_MSGSEND = YES;
				GCC_C_LANGUAGE_STANDARD = gnu11;
				GCC_NO_COMMON_BLOCKS = YES;
				GCC_WARN_64_TO_32_BIT_CONVERSION = YES;
				GCC_WARN_ABOUT_RETURN_TYPE = YES_ERROR;
				GCC_WARN_UNDECLARED_SELECTOR = YES;
				GCC_WARN_UNINITIALIZED_AUTOS = YES_AGGRESSIVE;
				GCC_WARN_UNUSED_FUNCTION = YES;
				GCC_WARN_UNUSED_VARIABLE = YES;
				IPHONEOS_DEPLOYMENT_TARGET = 16.2;
				MTL_ENABLE_DEBUG_INFO = NO;
				MTL_FAST_MATH = YES;
				SDKROOT = iphoneos;
				SWIFT_COMPILATION_MODE = wholemodule;
				SWIFT_OPTIMIZATION_LEVEL = "-O";
				VALIDATE_PRODUCT = YES;
			};
			name = Release;
		};
		008F08F729C3AD6B00D75EBE /* Debug */ = {
			isa = XCBuildConfiguration;
			buildSettings = {
				ASSETCATALOG_COMPILER_APPICON_NAME = AppIcon;
				ASSETCATALOG_COMPILER_GLOBAL_ACCENT_COLOR_NAME = AccentColor;
				CODE_SIGN_STYLE = Automatic;
				CURRENT_PROJECT_VERSION = 0;
				DEVELOPMENT_TEAM = 29VP39AHJX;
				GENERATE_INFOPLIST_FILE = YES;
				INFOPLIST_FILE = diplom.gallery/Info.plist;
				INFOPLIST_KEY_UIApplicationSupportsIndirectInputEvents = YES;
				INFOPLIST_KEY_UILaunchStoryboardName = LaunchScreen;
				INFOPLIST_KEY_UIMainStoryboardFile = Main;
				INFOPLIST_KEY_UISupportedInterfaceOrientations = UIInterfaceOrientationPortrait;
				INFOPLIST_KEY_UISupportedInterfaceOrientations_iPad = "UIInterfaceOrientationLandscapeLeft UIInterfaceOrientationLandscapeRight UIInterfaceOrientationPortrait UIInterfaceOrientationPortraitUpsideDown";
				IPHONEOS_DEPLOYMENT_TARGET = 14.0;
				LD_RUNPATH_SEARCH_PATHS = (
					"$(inherited)",
					"@executable_path/Frameworks",
				);
				MARKETING_VERSION = 1.0;
				PRODUCT_BUNDLE_IDENTIFIER = "-1skyter.diplom-gallery";
				PRODUCT_NAME = "$(TARGET_NAME)";
				SUPPORTED_PLATFORMS = "iphoneos iphonesimulator";
				SUPPORTS_MACCATALYST = NO;
				SUPPORTS_MAC_DESIGNED_FOR_IPHONE_IPAD = NO;
				SWIFT_EMIT_LOC_STRINGS = YES;
				SWIFT_VERSION = 5.0;
				TARGETED_DEVICE_FAMILY = 1;
			};
			name = Debug;
		};
		008F08F829C3AD6B00D75EBE /* Release */ = {
			isa = XCBuildConfiguration;
			buildSettings = {
				ASSETCATALOG_COMPILER_APPICON_NAME = AppIcon;
				ASSETCATALOG_COMPILER_GLOBAL_ACCENT_COLOR_NAME = AccentColor;
				CODE_SIGN_STYLE = Automatic;
				CURRENT_PROJECT_VERSION = 0;
				DEVELOPMENT_TEAM = 29VP39AHJX;
				GENERATE_INFOPLIST_FILE = YES;
				INFOPLIST_FILE = diplom.gallery/Info.plist;
				INFOPLIST_KEY_UIApplicationSupportsIndirectInputEvents = YES;
				INFOPLIST_KEY_UILaunchStoryboardName = LaunchScreen;
				INFOPLIST_KEY_UIMainStoryboardFile = Main;
				INFOPLIST_KEY_UISupportedInterfaceOrientations = UIInterfaceOrientationPortrait;
				INFOPLIST_KEY_UISupportedInterfaceOrientations_iPad = "UIInterfaceOrientationLandscapeLeft UIInterfaceOrientationLandscapeRight UIInterfaceOrientationPortrait UIInterfaceOrientationPortraitUpsideDown";
				IPHONEOS_DEPLOYMENT_TARGET = 14.0;
				LD_RUNPATH_SEARCH_PATHS = (
					"$(inherited)",
					"@executable_path/Frameworks",
				);
				MARKETING_VERSION = 1.0;
				PRODUCT_BUNDLE_IDENTIFIER = "-1skyter.diplom-gallery";
				PRODUCT_NAME = "$(TARGET_NAME)";
				SUPPORTED_PLATFORMS = "iphoneos iphonesimulator";
				SUPPORTS_MACCATALYST = NO;
				SUPPORTS_MAC_DESIGNED_FOR_IPHONE_IPAD = NO;
				SWIFT_EMIT_LOC_STRINGS = YES;
				SWIFT_VERSION = 5.0;
				TARGETED_DEVICE_FAMILY = 1;
			};
			name = Release;
		};
/* End XCBuildConfiguration section */

/* Begin XCConfigurationList section */
		008F08DD29C3AD6A00D75EBE /* Build configuration list for PBXProject "diplom.gallery" */ = {
			isa = XCConfigurationList;
			buildConfigurations = (
				008F08F429C3AD6B00D75EBE /* Debug */,
				008F08F529C3AD6B00D75EBE /* Release */,
			);
			defaultConfigurationIsVisible = 0;
			defaultConfigurationName = Release;
		};
		008F08F629C3AD6B00D75EBE /* Build configuration list for PBXNativeTarget "diplom.gallery" */ = {
			isa = XCConfigurationList;
			buildConfigurations = (
				008F08F729C3AD6B00D75EBE /* Debug */,
				008F08F829C3AD6B00D75EBE /* Release */,
			);
			defaultConfigurationIsVisible = 0;
			defaultConfigurationName = Release;
		};
/* End XCConfigurationList section */
	};
	rootObject = 008F08DA29C3AD6A00D75EBE /* Project object */;
}
